
Microsoft Visual Studio Solution File, Format Version 12.00
# Visual Studio Version 17
VisualStudioVersion = 17.0.31903.59
MinimumVisualStudioVersion = 10.0.40219.1
Project("{2150E333-8FDC-42A3-9474-1A3956D46DE8}") = "src", "src", "{827E0CD3-B72D-47B6-A68D-7590B98EB39B}"
EndProject
Project("{FAE04EC0-301F-11D3-BF4B-00C04F79EFBC}") = "SilverScreen.App", "src\SilverScreen.App\SilverScreen.App.csproj", "{B658204F-8481-48E7-B95A-F27DCDE30BBE}"
EndProject
Project("{2150E333-8FDC-42A3-9474-1A3956D46DE8}") = "tests", "tests", "{0AB3BF05-4346-4AA6-1389-037BE0695223}"
EndProject
Project("{FAE04EC0-301F-11D3-BF4B-00C04F79EFBC}") = "SilverScreen.Tests", "tests\SilverScreen.Tests\SilverScreen.Tests.csproj", "{9741B962-D1C6-4155-8983-81A8F7E35D55}"
EndProject
Global
	GlobalSection(SolutionConfigurationPlatforms) = preSolution
		Debug|Any CPU = Debug|Any CPU
		Debug|x64 = Debug|x64
		Debug|x86 = Debug|x86
		Release|Any CPU = Release|Any CPU
		Release|x64 = Release|x64
		Release|x86 = Release|x86
	EndGlobalSection
	GlobalSection(ProjectConfigurationPlatforms) = postSolution
		{B658204F-8481-48E7-B95A-F27DCDE30BBE}.Debug|Any CPU.ActiveCfg = Debug|Any CPU
		{B658204F-8481-48E7-B95A-F27DCDE30BBE}.Debug|Any CPU.Build.0 = Debug|Any CPU
		{B658204F-8481-48E7-B95A-F27DCDE30BBE}.Debug|x64.ActiveCfg = Debug|Any CPU
		{B658204F-8481-48E7-B95A-F27DCDE30BBE}.Debug|x64.Build.0 = Debug|Any CPU
		{B658204F-8481-48E7-B95A-F27DCDE30BBE}.Debug|x86.ActiveCfg = Debug|Any CPU
		{B658204F-8481-48E7-B95A-F27DCDE30BBE}.Debug|x86.Build.0 = Debug|Any CPU
		{B658204F-8481-48E7-B95A-F27DCDE30BBE}.Release|Any CPU.ActiveCfg = Release|Any CPU
		{B658204F-8481-48E7-B95A-F27DCDE30BBE}.Release|Any CPU.Build.0 = Release|Any CPU
		{B658204F-8481-48E7-B95A-F27DCDE30BBE}.Release|x64.ActiveCfg = Release|Any CPU
		{B658204F-8481-48E7-B95A-F27DCDE30BBE}.Release|x64.Build.0 = Release|Any CPU
		{B658204F-8481-48E7-B95A-F27DCDE30BBE}.Release|x86.ActiveCfg = Release|Any CPU
		{B658204F-8481-48E7-B95A-F27DCDE30BBE}.Release|x86.Build.0 = Release|Any CPU
		{9741B962-D1C6-4155-8983-81A8F7E35D55}.Debug|Any CPU.ActiveCfg = Debug|Any CPU
		{9741B962-D1C6-4155-8983-81A8F7E35D55}.Debug|Any CPU.Build.0 = Debug|Any CPU
		{9741B962-D1C6-4155-8983-81A8F7E35D55}.Debug|x64.ActiveCfg = Debug|Any CPU
		{9741B962-D1C6-4155-8983-81A8F7E35D55}.Debug|x64.Build.0 = Debug|Any CPU
		{9741B962-D1C6-4155-8983-81A8F7E35D55}.Debug|x86.ActiveCfg = Debug|Any CPU
		{9741B962-D1C6-4155-8983-81A8F7E35D55}.Debug|x86.Build.0 = Debug|Any CPU
		{9741B962-D1C6-4155-8983-81A8F7E35D55}.Release|Any CPU.ActiveCfg = Release|Any CPU
		{9741B962-D1C6-4155-8983-81A8F7E35D55}.Release|Any CPU.Build.0 = Release|Any CPU
		{9741B962-D1C6-4155-8983-81A8F7E35D55}.Release|x64.ActiveCfg = Release|Any CPU
		{9741B962-D1C6-4155-8983-81A8F7E35D55}.Release|x64.Build.0 = Release|Any CPU
		{9741B962-D1C6-4155-8983-81A8F7E35D55}.Release|x86.ActiveCfg = Release|Any CPU
		{9741B962-D1C6-4155-8983-81A8F7E35D55}.Release|x86.Build.0 = Release|Any CPU
	EndGlobalSection
	GlobalSection(SolutionProperties) = preSolution
		HideSolutionNode = FALSE
	EndGlobalSection
	GlobalSection(NestedProjects) = preSolution
		{B658204F-8481-48E7-B95A-F27DCDE30BBE} = {827E0CD3-B72D-47B6-A68D-7590B98EB39B}
		{9741B962-D1C6-4155-8983-81A8F7E35D55} = {0AB3BF05-4346-4AA6-1389-037BE0695223}
	EndGlobalSection
EndGlobal
